
Microsoft Visual Studio Solution File, Format Version 11.00
# Visual Studio 2010
Project("{F184B08F-C81C-45F6-A57F-5ABD9991F28F}") = "Example13", "Example13\Example13.vbproj", "{98D62A27-09E5-4881-BA9F-A86954CB8C7F}"
EndProject
Global
	GlobalSection(SolutionConfigurationPlatforms) = preSolution
		Debug|x86 = Debug|x86
		Release|x86 = Release|x86
	EndGlobalSection
	GlobalSection(ProjectConfigurationPlatforms) = postSolution
		{98D62A27-09E5-4881-BA9F-A86954CB8C7F}.Debug|x86.ActiveCfg = Debug|x86
		{98D62A27-09E5-4881-BA9F-A86954CB8C7F}.Debug|x86.Build.0 = Debug|x86
		{98D62A27-09E5-4881-BA9F-A86954CB8C7F}.Release|x86.ActiveCfg = Release|x86
		{98D62A27-09E5-4881-BA9F-A86954CB8C7F}.Release|x86.Build.0 = Release|x86
	EndGlobalSection
	GlobalSection(SolutionProperties) = preSolution
		HideSolutionNode = FALSE
	EndGlobalSection
EndGlobal
